
Microsoft Visual Studio Solution File, Format Version 12.00
# Visual Studio Version 17
VisualStudioVersion = 17.3.32929.385
MinimumVisualStudioVersion = 10.0.40219.1
Project("{FAE04EC0-301F-11D3-BF4B-00C04F79EFBC}") = "HelloApp", "HelloApp\HelloApp.csproj", "{B816727E-B3CE-4846-B465-D864D7305BBE}"
EndProject
Global
	GlobalSection(SolutionConfigurationPlatforms) = preSolution
		Debug|Any CPU = Debug|Any CPU
		Release|Any CPU = Release|Any CPU
	EndGlobalSection
	GlobalSection(ProjectConfigurationPlatforms) = postSolution
		{B816727E-B3CE-4846-B465-D864D7305BBE}.Debug|Any CPU.ActiveCfg = Debug|Any CPU
		{B816727E-B3CE-4846-B465-D864D7305BBE}.Debug|Any CPU.Build.0 = Debug|Any CPU
		{B816727E-B3CE-4846-B465-D864D7305BBE}.Release|Any CPU.ActiveCfg = Release|Any CPU
		{B816727E-B3CE-4846-B465-D864D7305BBE}.Release|Any CPU.Build.0 = Release|Any CPU
	EndGlobalSection
	GlobalSection(SolutionProperties) = preSolution
		HideSolutionNode = FALSE
	EndGlobalSection
	GlobalSection(ExtensibilityGlobals) = postSolution
		SolutionGuid = {5FEE0E10-29BD-47F7-AE7C-612A55506069}
	EndGlobalSection
EndGlobal
